// !$*UTF8*$!
{
	archiveVersion = 1;
	classes = {
	};
	objectVersion = 55;
	objects = {

/* Begin PBXBuildFile section */
		C7DDBD6828CF59DC00BA2F3E /* AppFlowCoordinator.swift in Sources */ = {isa = PBXBuildFile; fileRef = C7DDBD6728CF59DC00BA2F3E /* AppFlowCoordinator.swift */; };
		C7DDBD6B28D0614000BA2F3E /* AppDIContainer.swift in Sources */ = {isa = PBXBuildFile; fileRef = C7DDBD6A28D0614000BA2F3E /* AppDIContainer.swift */; };
		C7DDBD6D28D1F18600BA2F3E /* AppConfigurations.swift in Sources */ = {isa = PBXBuildFile; fileRef = C7DDBD6C28D1F18600BA2F3E /* AppConfigurations.swift */; };
		C7DDBD7328D2BE9700BA2F3E /* MovieListViewController.storyboard in Resources */ = {isa = PBXBuildFile; fileRef = C7DDBD7228D2BE9700BA2F3E /* MovieListViewController.storyboard */; };
		C7DDBD7728D2BED100BA2F3E /* MovieListViewController.swift in Sources */ = {isa = PBXBuildFile; fileRef = C7DDBD7628D2BED100BA2F3E /* MovieListViewController.swift */; };
		C7DDBD7A28D2BF2200BA2F3E /* MovieListTableViewController.swift in Sources */ = {isa = PBXBuildFile; fileRef = C7DDBD7928D2BF2200BA2F3E /* MovieListTableViewController.swift */; };
		C7DDBD7D28D2BF4C00BA2F3E /* MovieListItemCell.swift in Sources */ = {isa = PBXBuildFile; fileRef = C7DDBD7C28D2BF4C00BA2F3E /* MovieListItemCell.swift */; };
		C7DDBD8128D2C06600BA2F3E /* StoryboardInstantiable.swift in Sources */ = {isa = PBXBuildFile; fileRef = C7DDBD8028D2C06600BA2F3E /* StoryboardInstantiable.swift */; };
		C7DDBD8328D360AC00BA2F3E /* Alertable.swift in Sources */ = {isa = PBXBuildFile; fileRef = C7DDBD8228D360AC00BA2F3E /* Alertable.swift */; };
		C7DDBD8628D43C7C00BA2F3E /* MovieListViewModel.swift in Sources */ = {isa = PBXBuildFile; fileRef = C7DDBD8528D43C7C00BA2F3E /* MovieListViewModel.swift */; };
		C7DDBD8828D462EC00BA2F3E /* Observable.swift in Sources */ = {isa = PBXBuildFile; fileRef = C7DDBD8728D462EC00BA2F3E /* Observable.swift */; };
		C7DDBD8A28D46B7D00BA2F3E /* MoviesListItemViewModel.swift in Sources */ = {isa = PBXBuildFile; fileRef = C7DDBD8928D46B7D00BA2F3E /* MoviesListItemViewModel.swift */; };
		C7DDBD8D28D4B35A00BA2F3E /* Movie.swift in Sources */ = {isa = PBXBuildFile; fileRef = C7DDBD8C28D4B35A00BA2F3E /* Movie.swift */; };
		C7DDBD8F28D4CB8A00BA2F3E /* MovieQuery.swift in Sources */ = {isa = PBXBuildFile; fileRef = C7DDBD8E28D4CB8A00BA2F3E /* MovieQuery.swift */; };
		C7DDBD9228D4CBFF00BA2F3E /* SearchMoviesUseCase.swift in Sources */ = {isa = PBXBuildFile; fileRef = C7DDBD9128D4CBFF00BA2F3E /* SearchMoviesUseCase.swift */; };
		C7DDBD9528D4CD3900BA2F3E /* Cancellable.swift in Sources */ = {isa = PBXBuildFile; fileRef = C7DDBD9428D4CD3900BA2F3E /* Cancellable.swift */; };
		C7DDBD9928D4CEFA00BA2F3E /* MoviesRepository.swift in Sources */ = {isa = PBXBuildFile; fileRef = C7DDBD9828D4CEFA00BA2F3E /* MoviesRepository.swift */; };
		C7DDBD9B28D4CFDC00BA2F3E /* MovieQueriesRepository.swift in Sources */ = {isa = PBXBuildFile; fileRef = C7DDBD9A28D4CFDC00BA2F3E /* MovieQueriesRepository.swift */; };
		C7DDBD9D28D4D20F00BA2F3E /* PosterImagesRepository.swift in Sources */ = {isa = PBXBuildFile; fileRef = C7DDBD9C28D4D20F00BA2F3E /* PosterImagesRepository.swift */; };
		C7DDBD9F28D5A6C700BA2F3E /* FetchRecentMovieQueriesUseCase.swift in Sources */ = {isa = PBXBuildFile; fileRef = C7DDBD9E28D5A6C700BA2F3E /* FetchRecentMovieQueriesUseCase.swift */; };
		C7DDBDA228D5A6E200BA2F3E /* UseCase.swift in Sources */ = {isa = PBXBuildFile; fileRef = C7DDBDA128D5A6E200BA2F3E /* UseCase.swift */; };
		C7F77B6328C327FD00C2F947 /* AppDelegate.swift in Sources */ = {isa = PBXBuildFile; fileRef = C7F77B6228C327FD00C2F947 /* AppDelegate.swift */; };
		C7F77B6528C327FD00C2F947 /* SceneDelegate.swift in Sources */ = {isa = PBXBuildFile; fileRef = C7F77B6428C327FD00C2F947 /* SceneDelegate.swift */; };
		C7F77B6C28C327FF00C2F947 /* Assets.xcassets in Resources */ = {isa = PBXBuildFile; fileRef = C7F77B6B28C327FF00C2F947 /* Assets.xcassets */; };
		C7F77B6F28C327FF00C2F947 /* LaunchScreen.storyboard in Resources */ = {isa = PBXBuildFile; fileRef = C7F77B6D28C327FF00C2F947 /* LaunchScreen.storyboard */; };
/* End PBXBuildFile section */

/* Begin PBXFileReference section */
		C7DDBD6728CF59DC00BA2F3E /* AppFlowCoordinator.swift */ = {isa = PBXFileReference; lastKnownFileType = sourcecode.swift; path = AppFlowCoordinator.swift; sourceTree = "<group>"; };
		C7DDBD6A28D0614000BA2F3E /* AppDIContainer.swift */ = {isa = PBXFileReference; lastKnownFileType = sourcecode.swift; path = AppDIContainer.swift; sourceTree = "<group>"; };
		C7DDBD6C28D1F18600BA2F3E /* AppConfigurations.swift */ = {isa = PBXFileReference; lastKnownFileType = sourcecode.swift; path = AppConfigurations.swift; sourceTree = "<group>"; };
		C7DDBD7228D2BE9700BA2F3E /* MovieListViewController.storyboard */ = {isa = PBXFileReference; lastKnownFileType = file.storyboard; path = MovieListViewController.storyboard; sourceTree = "<group>"; };
		C7DDBD7628D2BED100BA2F3E /* MovieListViewController.swift */ = {isa = PBXFileReference; lastKnownFileType = sourcecode.swift; path = MovieListViewController.swift; sourceTree = "<group>"; };
		C7DDBD7928D2BF2200BA2F3E /* MovieListTableViewController.swift */ = {isa = PBXFileReference; lastKnownFileType = sourcecode.swift; path = MovieListTableViewController.swift; sourceTree = "<group>"; };
		C7DDBD7C28D2BF4C00BA2F3E /* MovieListItemCell.swift */ = {isa = PBXFileReference; lastKnownFileType = sourcecode.swift; path = MovieListItemCell.swift; sourceTree = "<group>"; };
		C7DDBD8028D2C06600BA2F3E /* StoryboardInstantiable.swift */ = {isa = PBXFileReference; lastKnownFileType = sourcecode.swift; path = StoryboardInstantiable.swift; sourceTree = "<group>"; };
		C7DDBD8228D360AC00BA2F3E /* Alertable.swift */ = {isa = PBXFileReference; lastKnownFileType = sourcecode.swift; path = Alertable.swift; sourceTree = "<group>"; };
		C7DDBD8528D43C7C00BA2F3E /* MovieListViewModel.swift */ = {isa = PBXFileReference; lastKnownFileType = sourcecode.swift; path = MovieListViewModel.swift; sourceTree = "<group>"; };
		C7DDBD8728D462EC00BA2F3E /* Observable.swift */ = {isa = PBXFileReference; lastKnownFileType = sourcecode.swift; path = Observable.swift; sourceTree = "<group>"; };
		C7DDBD8928D46B7D00BA2F3E /* MoviesListItemViewModel.swift */ = {isa = PBXFileReference; lastKnownFileType = sourcecode.swift; path = MoviesListItemViewModel.swift; sourceTree = "<group>"; };
		C7DDBD8C28D4B35A00BA2F3E /* Movie.swift */ = {isa = PBXFileReference; lastKnownFileType = sourcecode.swift; path = Movie.swift; sourceTree = "<group>"; };
		C7DDBD8E28D4CB8A00BA2F3E /* MovieQuery.swift */ = {isa = PBXFileReference; lastKnownFileType = sourcecode.swift; path = MovieQuery.swift; sourceTree = "<group>"; };
		C7DDBD9128D4CBFF00BA2F3E /* SearchMoviesUseCase.swift */ = {isa = PBXFileReference; lastKnownFileType = sourcecode.swift; path = SearchMoviesUseCase.swift; sourceTree = "<group>"; };
		C7DDBD9428D4CD3900BA2F3E /* Cancellable.swift */ = {isa = PBXFileReference; lastKnownFileType = sourcecode.swift; path = Cancellable.swift; sourceTree = "<group>"; };
		C7DDBD9828D4CEFA00BA2F3E /* MoviesRepository.swift */ = {isa = PBXFileReference; lastKnownFileType = sourcecode.swift; path = MoviesRepository.swift; sourceTree = "<group>"; };
		C7DDBD9A28D4CFDC00BA2F3E /* MovieQueriesRepository.swift */ = {isa = PBXFileReference; lastKnownFileType = sourcecode.swift; path = MovieQueriesRepository.swift; sourceTree = "<group>"; };
		C7DDBD9C28D4D20F00BA2F3E /* PosterImagesRepository.swift */ = {isa = PBXFileReference; lastKnownFileType = sourcecode.swift; path = PosterImagesRepository.swift; sourceTree = "<group>"; };
		C7DDBD9E28D5A6C700BA2F3E /* FetchRecentMovieQueriesUseCase.swift */ = {isa = PBXFileReference; lastKnownFileType = sourcecode.swift; path = FetchRecentMovieQueriesUseCase.swift; sourceTree = "<group>"; };
		C7DDBDA128D5A6E200BA2F3E /* UseCase.swift */ = {isa = PBXFileReference; lastKnownFileType = sourcecode.swift; path = UseCase.swift; sourceTree = "<group>"; };
		C7F77B5F28C327FD00C2F947 /* CleanArchitecture_Clone.app */ = {isa = PBXFileReference; explicitFileType = wrapper.application; includeInIndex = 0; path = CleanArchitecture_Clone.app; sourceTree = BUILT_PRODUCTS_DIR; };
		C7F77B6228C327FD00C2F947 /* AppDelegate.swift */ = {isa = PBXFileReference; lastKnownFileType = sourcecode.swift; path = AppDelegate.swift; sourceTree = "<group>"; };
		C7F77B6428C327FD00C2F947 /* SceneDelegate.swift */ = {isa = PBXFileReference; lastKnownFileType = sourcecode.swift; path = SceneDelegate.swift; sourceTree = "<group>"; };
		C7F77B6B28C327FF00C2F947 /* Assets.xcassets */ = {isa = PBXFileReference; lastKnownFileType = folder.assetcatalog; path = Assets.xcassets; sourceTree = "<group>"; };
		C7F77B6E28C327FF00C2F947 /* Base */ = {isa = PBXFileReference; lastKnownFileType = file.storyboard; name = Base; path = Base.lproj/LaunchScreen.storyboard; sourceTree = "<group>"; };
		C7F77B7028C327FF00C2F947 /* Info.plist */ = {isa = PBXFileReference; lastKnownFileType = text.plist.xml; path = Info.plist; sourceTree = "<group>"; };
/* End PBXFileReference section */

/* Begin PBXFrameworksBuildPhase section */
		C7F77B5C28C327FD00C2F947 /* Frameworks */ = {
			isa = PBXFrameworksBuildPhase;
			buildActionMask = 2147483647;
			files = (
			);
			runOnlyForDeploymentPostprocessing = 0;
		};
/* End PBXFrameworksBuildPhase section */

/* Begin PBXGroup section */
		C7DDBD6628CF59BC00BA2F3E /* Application */ = {
			isa = PBXGroup;
			children = (
				C7F77B6428C327FD00C2F947 /* SceneDelegate.swift */,
				C7F77B6228C327FD00C2F947 /* AppDelegate.swift */,
				C7DDBD6728CF59DC00BA2F3E /* AppFlowCoordinator.swift */,
				C7DDBD6C28D1F18600BA2F3E /* AppConfigurations.swift */,
			);
			path = Application;
			sourceTree = "<group>";
		};
		C7DDBD6928D0612900BA2F3E /* DIContainer */ = {
			isa = PBXGroup;
			children = (
				C7DDBD6A28D0614000BA2F3E /* AppDIContainer.swift */,
			);
			path = DIContainer;
			sourceTree = "<group>";
		};
		C7DDBD6E28D2231F00BA2F3E /* Presentation */ = {
			isa = PBXGroup;
			children = (
				C7DDBD7028D2BE3400BA2F3E /* MovieList */,
				C7DDBD7E28D2C03900BA2F3E /* Utils */,
			);
			path = Presentation;
			sourceTree = "<group>";
		};
		C7DDBD6F28D2232500BA2F3E /* Domain */ = {
			isa = PBXGroup;
			children = (
				C7DDBD8B28D4B34D00BA2F3E /* Entities */,
				C7DDBD9028D4CBE900BA2F3E /* UseCases */,
				C7DDBD9628D4CED500BA2F3E /* Interfaces */,
			);
			path = Domain;
			sourceTree = "<group>";
		};
		C7DDBD7028D2BE3400BA2F3E /* MovieList */ = {
			isa = PBXGroup;
			children = (
				C7DDBD8428D43C6F00BA2F3E /* ViewModel */,
				C7DDBD7128D2BE7400BA2F3E /* View */,
			);
			path = MovieList;
			sourceTree = "<group>";
		};
		C7DDBD7128D2BE7400BA2F3E /* View */ = {
			isa = PBXGroup;
			children = (
				C7DDBD7228D2BE9700BA2F3E /* MovieListViewController.storyboard */,
				C7DDBD7628D2BED100BA2F3E /* MovieListViewController.swift */,
				C7DDBD7828D2BEF100BA2F3E /* MoviewListTableView */,
			);
			path = View;
			sourceTree = "<group>";
		};
		C7DDBD7828D2BEF100BA2F3E /* MoviewListTableView */ = {
			isa = PBXGroup;
			children = (
				C7DDBD7928D2BF2200BA2F3E /* MovieListTableViewController.swift */,
				C7DDBD7B28D2BF2900BA2F3E /* Cells */,
			);
			path = MoviewListTableView;
			sourceTree = "<group>";
		};
		C7DDBD7B28D2BF2900BA2F3E /* Cells */ = {
			isa = PBXGroup;
			children = (
				C7DDBD7C28D2BF4C00BA2F3E /* MovieListItemCell.swift */,
			);
			path = Cells;
			sourceTree = "<group>";
		};
		C7DDBD7E28D2C03900BA2F3E /* Utils */ = {
			isa = PBXGroup;
			children = (
				C7DDBD7F28D2C05400BA2F3E /* Protocols */,
				C7DDBD8728D462EC00BA2F3E /* Observable.swift */,
			);
			path = Utils;
			sourceTree = "<group>";
		};
		C7DDBD7F28D2C05400BA2F3E /* Protocols */ = {
			isa = PBXGroup;
			children = (
				C7DDBD8028D2C06600BA2F3E /* StoryboardInstantiable.swift */,
				C7DDBD8228D360AC00BA2F3E /* Alertable.swift */,
			);
			path = Protocols;
			sourceTree = "<group>";
		};
		C7DDBD8428D43C6F00BA2F3E /* ViewModel */ = {
			isa = PBXGroup;
			children = (
				C7DDBD8528D43C7C00BA2F3E /* MovieListViewModel.swift */,
				C7DDBD8928D46B7D00BA2F3E /* MoviesListItemViewModel.swift */,
			);
			path = ViewModel;
			sourceTree = "<group>";
		};
		C7DDBD8B28D4B34D00BA2F3E /* Entities */ = {
			isa = PBXGroup;
			children = (
				C7DDBD8C28D4B35A00BA2F3E /* Movie.swift */,
				C7DDBD8E28D4CB8A00BA2F3E /* MovieQuery.swift */,
			);
			path = Entities;
			sourceTree = "<group>";
		};
		C7DDBD9028D4CBE900BA2F3E /* UseCases */ = {
			isa = PBXGroup;
			children = (
				C7DDBDA028D5A6D900BA2F3E /* Protocol */,
				C7DDBD9128D4CBFF00BA2F3E /* SearchMoviesUseCase.swift */,
				C7DDBD9E28D5A6C700BA2F3E /* FetchRecentMovieQueriesUseCase.swift */,
			);
			path = UseCases;
			sourceTree = "<group>";
		};
		C7DDBD9328D4CD2B00BA2F3E /* Common */ = {
			isa = PBXGroup;
			children = (
				C7DDBD9428D4CD3900BA2F3E /* Cancellable.swift */,
			);
			path = Common;
			sourceTree = "<group>";
		};
		C7DDBD9628D4CED500BA2F3E /* Interfaces */ = {
			isa = PBXGroup;
			children = (
				C7DDBD9728D4CEE900BA2F3E /* Repositories */,
			);
			path = Interfaces;
			sourceTree = "<group>";
		};
		C7DDBD9728D4CEE900BA2F3E /* Repositories */ = {
			isa = PBXGroup;
			children = (
				C7DDBD9828D4CEFA00BA2F3E /* MoviesRepository.swift */,
				C7DDBD9A28D4CFDC00BA2F3E /* MovieQueriesRepository.swift */,
				C7DDBD9C28D4D20F00BA2F3E /* PosterImagesRepository.swift */,
			);
			path = Repositories;
			sourceTree = "<group>";
		};
		C7DDBDA028D5A6D900BA2F3E /* Protocol */ = {
			isa = PBXGroup;
			children = (
				C7DDBDA128D5A6E200BA2F3E /* UseCase.swift */,
			);
			path = Protocol;
			sourceTree = "<group>";
		};
		C7F77B5628C327FD00C2F947 = {
			isa = PBXGroup;
			children = (
				C7F77B6128C327FD00C2F947 /* CleanArchitecture_Clone */,
				C7F77B6028C327FD00C2F947 /* Products */,
			);
			sourceTree = "<group>";
		};
		C7F77B6028C327FD00C2F947 /* Products */ = {
			isa = PBXGroup;
			children = (
				C7F77B5F28C327FD00C2F947 /* CleanArchitecture_Clone.app */,
			);
			name = Products;
			sourceTree = "<group>";
		};
		C7F77B6128C327FD00C2F947 /* CleanArchitecture_Clone */ = {
			isa = PBXGroup;
			children = (
				C7DDBD9328D4CD2B00BA2F3E /* Common */,
				C7DDBD6F28D2232500BA2F3E /* Domain */,
				C7DDBD6E28D2231F00BA2F3E /* Presentation */,
				C7DDBD6628CF59BC00BA2F3E /* Application */,
				C7DDBD6928D0612900BA2F3E /* DIContainer */,
				C7F77B6B28C327FF00C2F947 /* Assets.xcassets */,
				C7F77B6D28C327FF00C2F947 /* LaunchScreen.storyboard */,
				C7F77B7028C327FF00C2F947 /* Info.plist */,
			);
			path = CleanArchitecture_Clone;
			sourceTree = "<group>";
		};
/* End PBXGroup section */

/* Begin PBXNativeTarget section */
		C7F77B5E28C327FD00C2F947 /* CleanArchitecture_Clone */ = {
			isa = PBXNativeTarget;
			buildConfigurationList = C7F77B7328C327FF00C2F947 /* Build configuration list for PBXNativeTarget "CleanArchitecture_Clone" */;
			buildPhases = (
				C7F77B5B28C327FD00C2F947 /* Sources */,
				C7F77B5C28C327FD00C2F947 /* Frameworks */,
				C7F77B5D28C327FD00C2F947 /* Resources */,
			);
			buildRules = (
			);
			dependencies = (
			);
			name = CleanArchitecture_Clone;
			productName = CleanArchitecture_Clone;
			productReference = C7F77B5F28C327FD00C2F947 /* CleanArchitecture_Clone.app */;
			productType = "com.apple.product-type.application";
		};
/* End PBXNativeTarget section */

/* Begin PBXProject section */
		C7F77B5728C327FD00C2F947 /* Project object */ = {
			isa = PBXProject;
			attributes = {
				BuildIndependentTargetsInParallel = 1;
				LastSwiftUpdateCheck = 1340;
				LastUpgradeCheck = 1340;
				TargetAttributes = {
					C7F77B5E28C327FD00C2F947 = {
						CreatedOnToolsVersion = 13.4.1;
					};
				};
			};
			buildConfigurationList = C7F77B5A28C327FD00C2F947 /* Build configuration list for PBXProject "CleanArchitecture_Clone" */;
			compatibilityVersion = "Xcode 13.0";
			developmentRegion = en;
			hasScannedForEncodings = 0;
			knownRegions = (
				en,
				Base,
			);
			mainGroup = C7F77B5628C327FD00C2F947;
			productRefGroup = C7F77B6028C327FD00C2F947 /* Products */;
			projectDirPath = "";
			projectRoot = "";
			targets = (
				C7F77B5E28C327FD00C2F947 /* CleanArchitecture_Clone */,
			);
		};
/* End PBXProject section */

/* Begin PBXResourcesBuildPhase section */
		C7F77B5D28C327FD00C2F947 /* Resources */ = {
			isa = PBXResourcesBuildPhase;
			buildActionMask = 2147483647;
			files = (
				C7DDBD7328D2BE9700BA2F3E /* MovieListViewController.storyboard in Resources */,
				C7F77B6F28C327FF00C2F947 /* LaunchScreen.storyboard in Resources */,
				C7F77B6C28C327FF00C2F947 /* Assets.xcassets in Resources */,
			);
			runOnlyForDeploymentPostprocessing = 0;
		};
/* End PBXResourcesBuildPhase section */

/* Begin PBXSourcesBuildPhase section */
		C7F77B5B28C327FD00C2F947 /* Sources */ = {
			isa = PBXSourcesBuildPhase;
			buildActionMask = 2147483647;
			files = (
				C7DDBD8D28D4B35A00BA2F3E /* Movie.swift in Sources */,
				C7DDBD6828CF59DC00BA2F3E /* AppFlowCoordinator.swift in Sources */,
				C7DDBD9D28D4D20F00BA2F3E /* PosterImagesRepository.swift in Sources */,
				C7DDBD8A28D46B7D00BA2F3E /* MoviesListItemViewModel.swift in Sources */,
				C7DDBD6B28D0614000BA2F3E /* AppDIContainer.swift in Sources */,
				C7DDBDA228D5A6E200BA2F3E /* UseCase.swift in Sources */,
				C7DDBD9928D4CEFA00BA2F3E /* MoviesRepository.swift in Sources */,
				C7F77B6328C327FD00C2F947 /* AppDelegate.swift in Sources */,
				C7DDBD7728D2BED100BA2F3E /* MovieListViewController.swift in Sources */,
				C7DDBD9528D4CD3900BA2F3E /* Cancellable.swift in Sources */,
				C7DDBD9228D4CBFF00BA2F3E /* SearchMoviesUseCase.swift in Sources */,
				C7DDBD8828D462EC00BA2F3E /* Observable.swift in Sources */,
				C7DDBD8328D360AC00BA2F3E /* Alertable.swift in Sources */,
				C7DDBD9F28D5A6C700BA2F3E /* FetchRecentMovieQueriesUseCase.swift in Sources */,
				C7DDBD8128D2C06600BA2F3E /* StoryboardInstantiable.swift in Sources */,
				C7DDBD6D28D1F18600BA2F3E /* AppConfigurations.swift in Sources */,
				C7DDBD8628D43C7C00BA2F3E /* MovieListViewModel.swift in Sources */,
				C7DDBD9B28D4CFDC00BA2F3E /* MovieQueriesRepository.swift in Sources */,
				C7DDBD8F28D4CB8A00BA2F3E /* MovieQuery.swift in Sources */,
				C7DDBD7D28D2BF4C00BA2F3E /* MovieListItemCell.swift in Sources */,
				C7DDBD7A28D2BF2200BA2F3E /* MovieListTableViewController.swift in Sources */,
				C7F77B6528C327FD00C2F947 /* SceneDelegate.swift in Sources */,
			);
			runOnlyForDeploymentPostprocessing = 0;
		};
/* End PBXSourcesBuildPhase section */

/* Begin PBXVariantGroup section */
		C7F77B6D28C327FF00C2F947 /* LaunchScreen.storyboard */ = {
			isa = PBXVariantGroup;
			children = (
				C7F77B6E28C327FF00C2F947 /* Base */,
			);
			name = LaunchScreen.storyboard;
			sourceTree = "<group>";
		};
/* End PBXVariantGroup section */

/* Begin XCBuildConfiguration section */
		C7F77B7128C327FF00C2F947 /* Debug */ = {
			isa = XCBuildConfiguration;
			buildSettings = {
				ALWAYS_SEARCH_USER_PATHS = NO;
				CLANG_ANALYZER_NONNULL = YES;
				CLANG_ANALYZER_NUMBER_OBJECT_CONVERSION = YES_AGGRESSIVE;
				CLANG_CXX_LANGUAGE_STANDARD = "gnu++17";
				CLANG_ENABLE_MODULES = YES;
				CLANG_ENABLE_OBJC_ARC = YES;
				CLANG_ENABLE_OBJC_WEAK = YES;
				CLANG_WARN_BLOCK_CAPTURE_AUTORELEASING = YES;
				CLANG_WARN_BOOL_CONVERSION = YES;
				CLANG_WARN_COMMA = YES;
				CLANG_WARN_CONSTANT_CONVERSION = YES;
				CLANG_WARN_DEPRECATED_OBJC_IMPLEMENTATIONS = YES;
				CLANG_WARN_DIRECT_OBJC_ISA_USAGE = YES_ERROR;
				CLANG_WARN_DOCUMENTATION_COMMENTS = YES;
				CLANG_WARN_EMPTY_BODY = YES;
				CLANG_WARN_ENUM_CONVERSION = YES;
				CLANG_WARN_INFINITE_RECURSION = YES;
				CLANG_WARN_INT_CONVERSION = YES;
				CLANG_WARN_NON_LITERAL_NULL_CONVERSION = YES;
				CLANG_WARN_OBJC_IMPLICIT_RETAIN_SELF = YES;
				CLANG_WARN_OBJC_LITERAL_CONVERSION = YES;
				CLANG_WARN_OBJC_ROOT_CLASS = YES_ERROR;
				CLANG_WARN_QUOTED_INCLUDE_IN_FRAMEWORK_HEADER = YES;
				CLANG_WARN_RANGE_LOOP_ANALYSIS = YES;
				CLANG_WARN_STRICT_PROTOTYPES = YES;
				CLANG_WARN_SUSPICIOUS_MOVE = YES;
				CLANG_WARN_UNGUARDED_AVAILABILITY = YES_AGGRESSIVE;
				CLANG_WARN_UNREACHABLE_CODE = YES;
				CLANG_WARN__DUPLICATE_METHOD_MATCH = YES;
				COPY_PHASE_STRIP = NO;
				DEBUG_INFORMATION_FORMAT = dwarf;
				ENABLE_STRICT_OBJC_MSGSEND = YES;
				ENABLE_TESTABILITY = YES;
				GCC_C_LANGUAGE_STANDARD = gnu11;
				GCC_DYNAMIC_NO_PIC = NO;
				GCC_NO_COMMON_BLOCKS = YES;
				GCC_OPTIMIZATION_LEVEL = 0;
				GCC_PREPROCESSOR_DEFINITIONS = (
					"DEBUG=1",
					"$(inherited)",
				);
				GCC_WARN_64_TO_32_BIT_CONVERSION = YES;
				GCC_WARN_ABOUT_RETURN_TYPE = YES_ERROR;
				GCC_WARN_UNDECLARED_SELECTOR = YES;
				GCC_WARN_UNINITIALIZED_AUTOS = YES_AGGRESSIVE;
				GCC_WARN_UNUSED_FUNCTION = YES;
				GCC_WARN_UNUSED_VARIABLE = YES;
				IPHONEOS_DEPLOYMENT_TARGET = 15.5;
				MTL_ENABLE_DEBUG_INFO = INCLUDE_SOURCE;
				MTL_FAST_MATH = YES;
				ONLY_ACTIVE_ARCH = YES;
				SDKROOT = iphoneos;
				SWIFT_ACTIVE_COMPILATION_CONDITIONS = DEBUG;
				SWIFT_OPTIMIZATION_LEVEL = "-Onone";
			};
			name = Debug;
		};
		C7F77B7228C327FF00C2F947 /* Release */ = {
			isa = XCBuildConfiguration;
			buildSettings = {
				ALWAYS_SEARCH_USER_PATHS = NO;
				CLANG_ANALYZER_NONNULL = YES;
				CLANG_ANALYZER_NUMBER_OBJECT_CONVERSION = YES_AGGRESSIVE;
				CLANG_CXX_LANGUAGE_STANDARD = "gnu++17";
				CLANG_ENABLE_MODULES = YES;
				CLANG_ENABLE_OBJC_ARC = YES;
				CLANG_ENABLE_OBJC_WEAK = YES;
				CLANG_WARN_BLOCK_CAPTURE_AUTORELEASING = YES;
				CLANG_WARN_BOOL_CONVERSION = YES;
				CLANG_WARN_COMMA = YES;
				CLANG_WARN_CONSTANT_CONVERSION = YES;
				CLANG_WARN_DEPRECATED_OBJC_IMPLEMENTATIONS = YES;
				CLANG_WARN_DIRECT_OBJC_ISA_USAGE = YES_ERROR;
				CLANG_WARN_DOCUMENTATION_COMMENTS = YES;
				CLANG_WARN_EMPTY_BODY = YES;
				CLANG_WARN_ENUM_CONVERSION = YES;
				CLANG_WARN_INFINITE_RECURSION = YES;
				CLANG_WARN_INT_CONVERSION = YES;
				CLANG_WARN_NON_LITERAL_NULL_CONVERSION = YES;
				CLANG_WARN_OBJC_IMPLICIT_RETAIN_SELF = YES;
				CLANG_WARN_OBJC_LITERAL_CONVERSION = YES;
				CLANG_WARN_OBJC_ROOT_CLASS = YES_ERROR;
				CLANG_WARN_QUOTED_INCLUDE_IN_FRAMEWORK_HEADER = YES;
				CLANG_WARN_RANGE_LOOP_ANALYSIS = YES;
				CLANG_WARN_STRICT_PROTOTYPES = YES;
				CLANG_WARN_SUSPICIOUS_MOVE = YES;
				CLANG_WARN_UNGUARDED_AVAILABILITY = YES_AGGRESSIVE;
				CLANG_WARN_UNREACHABLE_CODE = YES;
				CLANG_WARN__DUPLICATE_METHOD_MATCH = YES;
				COPY_PHASE_STRIP = NO;
				DEBUG_INFORMATION_FORMAT = "dwarf-with-dsym";
				ENABLE_NS_ASSERTIONS = NO;
				ENABLE_STRICT_OBJC_MSGSEND = YES;
				GCC_C_LANGUAGE_STANDARD = gnu11;
				GCC_NO_COMMON_BLOCKS = YES;
				GCC_WARN_64_TO_32_BIT_CONVERSION = YES;
				GCC_WARN_ABOUT_RETURN_TYPE = YES_ERROR;
				GCC_WARN_UNDECLARED_SELECTOR = YES;
				GCC_WARN_UNINITIALIZED_AUTOS = YES_AGGRESSIVE;
				GCC_WARN_UNUSED_FUNCTION = YES;
				GCC_WARN_UNUSED_VARIABLE = YES;
				IPHONEOS_DEPLOYMENT_TARGET = 15.5;
				MTL_ENABLE_DEBUG_INFO = NO;
				MTL_FAST_MATH = YES;
				SDKROOT = iphoneos;
				SWIFT_COMPILATION_MODE = wholemodule;
				SWIFT_OPTIMIZATION_LEVEL = "-O";
				VALIDATE_PRODUCT = YES;
			};
			name = Release;
		};
		C7F77B7428C327FF00C2F947 /* Debug */ = {
			isa = XCBuildConfiguration;
			buildSettings = {
				API_BASE_URL = "http://api.themoviedb.org";
				API_KEY = 2696829a81b1b5827d515ff121700838;
				ASSETCATALOG_COMPILER_APPICON_NAME = AppIcon;
				ASSETCATALOG_COMPILER_GLOBAL_ACCENT_COLOR_NAME = AccentColor;
				CODE_SIGN_STYLE = Automatic;
				CURRENT_PROJECT_VERSION = 1;
				DEVELOPMENT_TEAM = SBAHW5F54N;
				GENERATE_INFOPLIST_FILE = YES;
				IMAGE_BASE_URL = "http://image.tmdb.org";
				INFOPLIST_FILE = CleanArchitecture_Clone/Info.plist;
				INFOPLIST_KEY_UIApplicationSupportsIndirectInputEvents = YES;
				INFOPLIST_KEY_UILaunchStoryboardName = LaunchScreen;
				INFOPLIST_KEY_UISupportedInterfaceOrientations_iPad = "UIInterfaceOrientationPortrait UIInterfaceOrientationPortraitUpsideDown UIInterfaceOrientationLandscapeLeft UIInterfaceOrientationLandscapeRight";
				INFOPLIST_KEY_UISupportedInterfaceOrientations_iPhone = "UIInterfaceOrientationPortrait UIInterfaceOrientationLandscapeLeft UIInterfaceOrientationLandscapeRight";
				LD_RUNPATH_SEARCH_PATHS = (
					"$(inherited)",
					"@executable_path/Frameworks",
				);
				MARKETING_VERSION = 1.0;
				PRODUCT_BUNDLE_IDENTIFIER = "com.kimjunhwan.CleanArchitecture-Clone";
				PRODUCT_NAME = "$(TARGET_NAME)";
				SWIFT_EMIT_LOC_STRINGS = YES;
				SWIFT_VERSION = 5.0;
				TARGETED_DEVICE_FAMILY = "1,2";
			};
			name = Debug;
		};
		C7F77B7528C327FF00C2F947 /* Release */ = {
			isa = XCBuildConfiguration;
			buildSettings = {
				API_BASE_URL = "http://api.themoviedb.org";
				API_KEY = 2696829a81b1b5827d515ff121700838;
				ASSETCATALOG_COMPILER_APPICON_NAME = AppIcon;
				ASSETCATALOG_COMPILER_GLOBAL_ACCENT_COLOR_NAME = AccentColor;
				CODE_SIGN_STYLE = Automatic;
				CURRENT_PROJECT_VERSION = 1;
				DEVELOPMENT_TEAM = SBAHW5F54N;
				GENERATE_INFOPLIST_FILE = YES;
				IMAGE_BASE_URL = "http://image.tmdb.org";
				INFOPLIST_FILE = CleanArchitecture_Clone/Info.plist;
				INFOPLIST_KEY_UIApplicationSupportsIndirectInputEvents = YES;
				INFOPLIST_KEY_UILaunchStoryboardName = LaunchScreen;
				INFOPLIST_KEY_UISupportedInterfaceOrientations_iPad = "UIInterfaceOrientationPortrait UIInterfaceOrientationPortraitUpsideDown UIInterfaceOrientationLandscapeLeft UIInterfaceOrientationLandscapeRight";
				INFOPLIST_KEY_UISupportedInterfaceOrientations_iPhone = "UIInterfaceOrientationPortrait UIInterfaceOrientationLandscapeLeft UIInterfaceOrientationLandscapeRight";
				LD_RUNPATH_SEARCH_PATHS = (
					"$(inherited)",
					"@executable_path/Frameworks",
				);
				MARKETING_VERSION = 1.0;
				PRODUCT_BUNDLE_IDENTIFIER = "com.kimjunhwan.CleanArchitecture-Clone";
				PRODUCT_NAME = "$(TARGET_NAME)";
				SWIFT_EMIT_LOC_STRINGS = YES;
				SWIFT_VERSION = 5.0;
				TARGETED_DEVICE_FAMILY = "1,2";
			};
			name = Release;
		};
/* End XCBuildConfiguration section */

/* Begin XCConfigurationList section */
		C7F77B5A28C327FD00C2F947 /* Build configuration list for PBXProject "CleanArchitecture_Clone" */ = {
			isa = XCConfigurationList;
			buildConfigurations = (
				C7F77B7128C327FF00C2F947 /* Debug */,
				C7F77B7228C327FF00C2F947 /* Release */,
			);
			defaultConfigurationIsVisible = 0;
			defaultConfigurationName = Release;
		};
		C7F77B7328C327FF00C2F947 /* Build configuration list for PBXNativeTarget "CleanArchitecture_Clone" */ = {
			isa = XCConfigurationList;
			buildConfigurations = (
				C7F77B7428C327FF00C2F947 /* Debug */,
				C7F77B7528C327FF00C2F947 /* Release */,
			);
			defaultConfigurationIsVisible = 0;
			defaultConfigurationName = Release;
		};
/* End XCConfigurationList section */
	};
	rootObject = C7F77B5728C327FD00C2F947 /* Project object */;
}
